
Microsoft Visual Studio Solution File, Format Version 12.00
# Visual Studio Version 16
VisualStudioVersion = 16.0.31702.278
MinimumVisualStudioVersion = 10.0.40219.1
Project("{FAE04EC0-301F-11D3-BF4B-00C04F79EFBC}") = "TesteDeLogica-F360", "TesteDeLogica-F360\TesteDeLogica-F360.csproj", "{07746BE2-52C6-4CAC-AC7B-E30214FEC8D0}"
EndProject
Global
	GlobalSection(SolutionConfigurationPlatforms) = preSolution
		Debug|Any CPU = Debug|Any CPU
		Release|Any CPU = Release|Any CPU
	EndGlobalSection
	GlobalSection(ProjectConfigurationPlatforms) = postSolution
		{07746BE2-52C6-4CAC-AC7B-E30214FEC8D0}.Debug|Any CPU.ActiveCfg = Debug|Any CPU
		{07746BE2-52C6-4CAC-AC7B-E30214FEC8D0}.Debug|Any CPU.Build.0 = Debug|Any CPU
		{07746BE2-52C6-4CAC-AC7B-E30214FEC8D0}.Release|Any CPU.ActiveCfg = Release|Any CPU
		{07746BE2-52C6-4CAC-AC7B-E30214FEC8D0}.Release|Any CPU.Build.0 = Release|Any CPU
	EndGlobalSection
	GlobalSection(SolutionProperties) = preSolution
		HideSolutionNode = FALSE
	EndGlobalSection
	GlobalSection(ExtensibilityGlobals) = postSolution
		SolutionGuid = {76ACFA12-5C6F-4EE3-BEA5-16442EA25B5E}
	EndGlobalSection
EndGlobal
